
Microsoft Visual Studio Solution File, Format Version 12.00
# Visual Studio Version 17
VisualStudioVersion = 17.5.002.0
MinimumVisualStudioVersion = 10.0.40219.1
Project("{9A19103F-16F7-4668-BE54-9A1E7A4F7556}") = "Appointments", "Appointments.csproj", "{ACE5840A-8BF6-4FC5-874D-5B9843DB5A09}"
EndProject
Project("{2150E333-8FDC-42A3-9474-1A3956D46DE8}") = "obj", "obj", "{66A1E0CE-93C2-432F-AACF-FB870E7AA445}"
EndProject
Project("{2150E333-8FDC-42A3-9474-1A3956D46DE8}") = "Debug", "Debug", "{07629A07-19C9-46A3-A6D6-16D7844F1C71}"
EndProject
Project("{2150E333-8FDC-42A3-9474-1A3956D46DE8}") = "net8.0", "net8.0", "{41B7E4E3-4EF0-42C8-B304-C8207FA35E20}"
EndProject
Project("{9A19103F-16F7-4668-BE54-9A1E7A4F7556}") = "WorkerExtensions", "obj\Debug\net8.0\WorkerExtensions\WorkerExtensions.csproj", "{BE477932-309B-4DE8-8DB9-180C97339183}"
EndProject
Project("{2150E333-8FDC-42A3-9474-1A3956D46DE8}") = "Release", "Release", "{DAED7384-3DAB-47F2-8C8F-6B428F5C0B10}"
EndProject
Project("{2150E333-8FDC-42A3-9474-1A3956D46DE8}") = "net8.0", "net8.0", "{43748E21-5A17-4EEA-81A4-AD38C25E8B30}"
EndProject
Project("{9A19103F-16F7-4668-BE54-9A1E7A4F7556}") = "WorkerExtensions", "obj\Release\net8.0\WorkerExtensions\WorkerExtensions.csproj", "{B30984AF-5266-4AC0-824D-2D70E87B6500}"
EndProject
Project("{2150E333-8FDC-42A3-9474-1A3956D46DE8}") = "linux-x64", "linux-x64", "{9FC96915-6B05-44ED-8E0F-2EFAEBEF7ACE}"
EndProject
Project("{9A19103F-16F7-4668-BE54-9A1E7A4F7556}") = "WorkerExtensions", "obj\Release\net8.0\linux-x64\WorkerExtensions\WorkerExtensions.csproj", "{4CFECCF8-29A9-4931-AEB5-5D871E7BD943}"
EndProject
Global
	GlobalSection(SolutionConfigurationPlatforms) = preSolution
		Debug|Any CPU = Debug|Any CPU
		Release|Any CPU = Release|Any CPU
	EndGlobalSection
	GlobalSection(ProjectConfigurationPlatforms) = postSolution
		{ACE5840A-8BF6-4FC5-874D-5B9843DB5A09}.Debug|Any CPU.ActiveCfg = Debug|Any CPU
		{ACE5840A-8BF6-4FC5-874D-5B9843DB5A09}.Debug|Any CPU.Build.0 = Debug|Any CPU
		{ACE5840A-8BF6-4FC5-874D-5B9843DB5A09}.Release|Any CPU.ActiveCfg = Release|Any CPU
		{ACE5840A-8BF6-4FC5-874D-5B9843DB5A09}.Release|Any CPU.Build.0 = Release|Any CPU
		{BE477932-309B-4DE8-8DB9-180C97339183}.Debug|Any CPU.ActiveCfg = Debug|Any CPU
		{BE477932-309B-4DE8-8DB9-180C97339183}.Debug|Any CPU.Build.0 = Debug|Any CPU
		{BE477932-309B-4DE8-8DB9-180C97339183}.Release|Any CPU.ActiveCfg = Release|Any CPU
		{BE477932-309B-4DE8-8DB9-180C97339183}.Release|Any CPU.Build.0 = Release|Any CPU
		{B30984AF-5266-4AC0-824D-2D70E87B6500}.Debug|Any CPU.ActiveCfg = Debug|Any CPU
		{B30984AF-5266-4AC0-824D-2D70E87B6500}.Debug|Any CPU.Build.0 = Debug|Any CPU
		{B30984AF-5266-4AC0-824D-2D70E87B6500}.Release|Any CPU.ActiveCfg = Release|Any CPU
		{B30984AF-5266-4AC0-824D-2D70E87B6500}.Release|Any CPU.Build.0 = Release|Any CPU
		{4CFECCF8-29A9-4931-AEB5-5D871E7BD943}.Debug|Any CPU.ActiveCfg = Debug|Any CPU
		{4CFECCF8-29A9-4931-AEB5-5D871E7BD943}.Debug|Any CPU.Build.0 = Debug|Any CPU
		{4CFECCF8-29A9-4931-AEB5-5D871E7BD943}.Release|Any CPU.ActiveCfg = Release|Any CPU
		{4CFECCF8-29A9-4931-AEB5-5D871E7BD943}.Release|Any CPU.Build.0 = Release|Any CPU
	EndGlobalSection
	GlobalSection(SolutionProperties) = preSolution
		HideSolutionNode = FALSE
	EndGlobalSection
	GlobalSection(NestedProjects) = preSolution
		{07629A07-19C9-46A3-A6D6-16D7844F1C71} = {66A1E0CE-93C2-432F-AACF-FB870E7AA445}
		{41B7E4E3-4EF0-42C8-B304-C8207FA35E20} = {07629A07-19C9-46A3-A6D6-16D7844F1C71}
		{BE477932-309B-4DE8-8DB9-180C97339183} = {41B7E4E3-4EF0-42C8-B304-C8207FA35E20}
		{DAED7384-3DAB-47F2-8C8F-6B428F5C0B10} = {66A1E0CE-93C2-432F-AACF-FB870E7AA445}
		{43748E21-5A17-4EEA-81A4-AD38C25E8B30} = {DAED7384-3DAB-47F2-8C8F-6B428F5C0B10}
		{B30984AF-5266-4AC0-824D-2D70E87B6500} = {43748E21-5A17-4EEA-81A4-AD38C25E8B30}
		{9FC96915-6B05-44ED-8E0F-2EFAEBEF7ACE} = {43748E21-5A17-4EEA-81A4-AD38C25E8B30}
		{4CFECCF8-29A9-4931-AEB5-5D871E7BD943} = {9FC96915-6B05-44ED-8E0F-2EFAEBEF7ACE}
	EndGlobalSection
	GlobalSection(ExtensibilityGlobals) = postSolution
		SolutionGuid = {BEC01301-CDEA-4AEA-95DB-247A88C25542}
	EndGlobalSection
EndGlobal
